
Microsoft Visual Studio Solution File, Format Version 12.00
# Visual Studio Version 17
VisualStudioVersion = 17.1.32210.238
MinimumVisualStudioVersion = 10.0.40219.1
Project("{9A19103F-16F7-4668-BE54-9A1E7A4F7556}") = "PracticasMetaEnlance", "PracticasMetaEnlance\PracticasMetaEnlance.csproj", "{B23B7519-CC27-4D2E-9F96-5D19F9DD4993}"
EndProject
Global
	GlobalSection(SolutionConfigurationPlatforms) = preSolution
		Debug|Any CPU = Debug|Any CPU
		Release|Any CPU = Release|Any CPU
	EndGlobalSection
	GlobalSection(ProjectConfigurationPlatforms) = postSolution
		{B23B7519-CC27-4D2E-9F96-5D19F9DD4993}.Debug|Any CPU.ActiveCfg = Debug|Any CPU
		{B23B7519-CC27-4D2E-9F96-5D19F9DD4993}.Debug|Any CPU.Build.0 = Debug|Any CPU
		{B23B7519-CC27-4D2E-9F96-5D19F9DD4993}.Release|Any CPU.ActiveCfg = Release|Any CPU
		{B23B7519-CC27-4D2E-9F96-5D19F9DD4993}.Release|Any CPU.Build.0 = Release|Any CPU
	EndGlobalSection
	GlobalSection(SolutionProperties) = preSolution
		HideSolutionNode = FALSE
	EndGlobalSection
	GlobalSection(ExtensibilityGlobals) = postSolution
		SolutionGuid = {7246CA85-C27C-4974-828A-E2FE4CC54B48}
	EndGlobalSection
EndGlobal
